// !$*UTF8*$!
{
	archiveVersion = 1;
	classes = {
	};
	objectVersion = 56;
	objects = {

/* Begin PBXBuildFile section */
		11048CF32B0C33B10069A8C6 /* Binding.swift in Sources */ = {isa = PBXBuildFile; fileRef = 11048CF22B0C33B10069A8C6 /* Binding.swift */; };
		11048CFC2B0C3C1F0069A8C6 /* AddJobView.swift in Sources */ = {isa = PBXBuildFile; fileRef = 11048CFB2B0C3C1F0069A8C6 /* AddJobView.swift */; };
		11048D012B0C3C5B0069A8C6 /* AddJobView+ViewModel.swift in Sources */ = {isa = PBXBuildFile; fileRef = 11048D002B0C3C5B0069A8C6 /* AddJobView+ViewModel.swift */; };
		11048D032B0C41CB0069A8C6 /* NWHTextEntryRowView.swift in Sources */ = {isa = PBXBuildFile; fileRef = 11048D022B0C41CB0069A8C6 /* NWHTextEntryRowView.swift */; };
		113863702B113A95008FAD77 /* NumbersOnlyViewModifier.swift in Sources */ = {isa = PBXBuildFile; fileRef = 1138636F2B113A95008FAD77 /* NumbersOnlyViewModifier.swift */; };
		113863762B12A991008FAD77 /* JobPreviewView.swift in Sources */ = {isa = PBXBuildFile; fileRef = 113863752B12A991008FAD77 /* JobPreviewView.swift */; };
		113863782B12A9F5008FAD77 /* NWHRow.swift in Sources */ = {isa = PBXBuildFile; fileRef = 113863772B12A9F5008FAD77 /* NWHRow.swift */; };
		113FA0912AFD99E700403AFC /* Net_Work_HubApp.swift in Sources */ = {isa = PBXBuildFile; fileRef = 113FA0902AFD99E700403AFC /* Net_Work_HubApp.swift */; };
		113FA0932AFD99E700403AFC /* ContentView.swift in Sources */ = {isa = PBXBuildFile; fileRef = 113FA0922AFD99E700403AFC /* ContentView.swift */; };
		113FA0952AFD99E700403AFC /* Job.swift in Sources */ = {isa = PBXBuildFile; fileRef = 113FA0942AFD99E700403AFC /* Job.swift */; };
		113FA0972AFD99E800403AFC /* Assets.xcassets in Resources */ = {isa = PBXBuildFile; fileRef = 113FA0962AFD99E800403AFC /* Assets.xcassets */; };
		113FA09A2AFD99E800403AFC /* Preview Assets.xcassets in Resources */ = {isa = PBXBuildFile; fileRef = 113FA0992AFD99E800403AFC /* Preview Assets.xcassets */; };
		113FA0A12AFD9BFD00403AFC /* JobRowView.swift in Sources */ = {isa = PBXBuildFile; fileRef = 113FA0A02AFD9BFD00403AFC /* JobRowView.swift */; };
		113FA0A32AFDA31800403AFC /* DashboardView+ViewModel.swift in Sources */ = {isa = PBXBuildFile; fileRef = 113FA0A22AFDA31800403AFC /* DashboardView+ViewModel.swift */; };
		113FA0A52AFDAB1000403AFC /* DashboardView.swift in Sources */ = {isa = PBXBuildFile; fileRef = 113FA0A42AFDAB1000403AFC /* DashboardView.swift */; };
		113FA0AF2B040EF100403AFC /* PrimaryButton.swift in Sources */ = {isa = PBXBuildFile; fileRef = 113FA0AE2B040EF100403AFC /* PrimaryButton.swift */; };
		113FA0B22B0410BD00403AFC /* UserProfileView.swift in Sources */ = {isa = PBXBuildFile; fileRef = 113FA0B12B0410BD00403AFC /* UserProfileView.swift */; };
		113FA0B42B0410CD00403AFC /* UserProfileView+ViewModel.swift in Sources */ = {isa = PBXBuildFile; fileRef = 113FA0B32B0410CD00403AFC /* UserProfileView+ViewModel.swift */; };
		113FA0B62B04115300403AFC /* User.swift in Sources */ = {isa = PBXBuildFile; fileRef = 113FA0B52B04115300403AFC /* User.swift */; };
		113FA0B82B041C6B00403AFC /* JobList.swift in Sources */ = {isa = PBXBuildFile; fileRef = 113FA0B72B041C6B00403AFC /* JobList.swift */; };
		11833F682B130D4000F16AB7 /* String.swift in Sources */ = {isa = PBXBuildFile; fileRef = 11833F672B130D4000F16AB7 /* String.swift */; };
		11D2EDA32B0EC8B400E1F0F5 /* NWHConnector.swift in Sources */ = {isa = PBXBuildFile; fileRef = 11D2EDA22B0EC8B400E1F0F5 /* NWHConnector.swift */; };
		11D2EDA52B0EE76B00E1F0F5 /* DataController.swift in Sources */ = {isa = PBXBuildFile; fileRef = 11D2EDA42B0EE76B00E1F0F5 /* DataController.swift */; };
		11D2EDA72B0EEB9500E1F0F5 /* View.swift in Sources */ = {isa = PBXBuildFile; fileRef = 11D2EDA62B0EEB9500E1F0F5 /* View.swift */; };
/* End PBXBuildFile section */

/* Begin PBXFileReference section */
		11048CF22B0C33B10069A8C6 /* Binding.swift */ = {isa = PBXFileReference; lastKnownFileType = sourcecode.swift; path = Binding.swift; sourceTree = "<group>"; };
		11048CFB2B0C3C1F0069A8C6 /* AddJobView.swift */ = {isa = PBXFileReference; lastKnownFileType = sourcecode.swift; path = AddJobView.swift; sourceTree = "<group>"; };
		11048D002B0C3C5B0069A8C6 /* AddJobView+ViewModel.swift */ = {isa = PBXFileReference; lastKnownFileType = sourcecode.swift; path = "AddJobView+ViewModel.swift"; sourceTree = "<group>"; };
		11048D022B0C41CB0069A8C6 /* NWHTextEntryRowView.swift */ = {isa = PBXFileReference; lastKnownFileType = sourcecode.swift; path = NWHTextEntryRowView.swift; sourceTree = "<group>"; };
		1138636F2B113A95008FAD77 /* NumbersOnlyViewModifier.swift */ = {isa = PBXFileReference; lastKnownFileType = sourcecode.swift; path = NumbersOnlyViewModifier.swift; sourceTree = "<group>"; };
		113863752B12A991008FAD77 /* JobPreviewView.swift */ = {isa = PBXFileReference; lastKnownFileType = sourcecode.swift; path = JobPreviewView.swift; sourceTree = "<group>"; };
		113863772B12A9F5008FAD77 /* NWHRow.swift */ = {isa = PBXFileReference; lastKnownFileType = sourcecode.swift; path = NWHRow.swift; sourceTree = "<group>"; };
		113FA08D2AFD99E700403AFC /* Net Work Hub.app */ = {isa = PBXFileReference; explicitFileType = wrapper.application; includeInIndex = 0; path = "Net Work Hub.app"; sourceTree = BUILT_PRODUCTS_DIR; };
		113FA0902AFD99E700403AFC /* Net_Work_HubApp.swift */ = {isa = PBXFileReference; lastKnownFileType = sourcecode.swift; path = Net_Work_HubApp.swift; sourceTree = "<group>"; };
		113FA0922AFD99E700403AFC /* ContentView.swift */ = {isa = PBXFileReference; lastKnownFileType = sourcecode.swift; path = ContentView.swift; sourceTree = "<group>"; };
		113FA0942AFD99E700403AFC /* Job.swift */ = {isa = PBXFileReference; lastKnownFileType = sourcecode.swift; path = Job.swift; sourceTree = "<group>"; };
		113FA0962AFD99E800403AFC /* Assets.xcassets */ = {isa = PBXFileReference; lastKnownFileType = folder.assetcatalog; path = Assets.xcassets; sourceTree = "<group>"; };
		113FA0992AFD99E800403AFC /* Preview Assets.xcassets */ = {isa = PBXFileReference; lastKnownFileType = folder.assetcatalog; path = "Preview Assets.xcassets"; sourceTree = "<group>"; };
		113FA0A02AFD9BFD00403AFC /* JobRowView.swift */ = {isa = PBXFileReference; lastKnownFileType = sourcecode.swift; path = JobRowView.swift; sourceTree = "<group>"; };
		113FA0A22AFDA31800403AFC /* DashboardView+ViewModel.swift */ = {isa = PBXFileReference; lastKnownFileType = sourcecode.swift; path = "DashboardView+ViewModel.swift"; sourceTree = "<group>"; };
		113FA0A42AFDAB1000403AFC /* DashboardView.swift */ = {isa = PBXFileReference; lastKnownFileType = sourcecode.swift; path = DashboardView.swift; sourceTree = "<group>"; };
		113FA0AE2B040EF100403AFC /* PrimaryButton.swift */ = {isa = PBXFileReference; lastKnownFileType = sourcecode.swift; path = PrimaryButton.swift; sourceTree = "<group>"; };
		113FA0B12B0410BD00403AFC /* UserProfileView.swift */ = {isa = PBXFileReference; lastKnownFileType = sourcecode.swift; path = UserProfileView.swift; sourceTree = "<group>"; };
		113FA0B32B0410CD00403AFC /* UserProfileView+ViewModel.swift */ = {isa = PBXFileReference; lastKnownFileType = sourcecode.swift; path = "UserProfileView+ViewModel.swift"; sourceTree = "<group>"; };
		113FA0B52B04115300403AFC /* User.swift */ = {isa = PBXFileReference; lastKnownFileType = sourcecode.swift; path = User.swift; sourceTree = "<group>"; };
		113FA0B72B041C6B00403AFC /* JobList.swift */ = {isa = PBXFileReference; lastKnownFileType = sourcecode.swift; path = JobList.swift; sourceTree = "<group>"; };
		11833F672B130D4000F16AB7 /* String.swift */ = {isa = PBXFileReference; lastKnownFileType = sourcecode.swift; path = String.swift; sourceTree = "<group>"; };
		11D2EDA22B0EC8B400E1F0F5 /* NWHConnector.swift */ = {isa = PBXFileReference; lastKnownFileType = sourcecode.swift; path = NWHConnector.swift; sourceTree = "<group>"; };
		11D2EDA42B0EE76B00E1F0F5 /* DataController.swift */ = {isa = PBXFileReference; lastKnownFileType = sourcecode.swift; path = DataController.swift; sourceTree = "<group>"; };
		11D2EDA62B0EEB9500E1F0F5 /* View.swift */ = {isa = PBXFileReference; lastKnownFileType = sourcecode.swift; path = View.swift; sourceTree = "<group>"; };
/* End PBXFileReference section */

/* Begin PBXFrameworksBuildPhase section */
		113FA08A2AFD99E700403AFC /* Frameworks */ = {
			isa = PBXFrameworksBuildPhase;
			buildActionMask = 2147483647;
			files = (
			);
			runOnlyForDeploymentPostprocessing = 0;
		};
/* End PBXFrameworksBuildPhase section */

/* Begin PBXGroup section */
		11048CF12B0C339E0069A8C6 /* Extentions */ = {
			isa = PBXGroup;
			children = (
				11048CF22B0C33B10069A8C6 /* Binding.swift */,
				11D2EDA62B0EEB9500E1F0F5 /* View.swift */,
				11833F672B130D4000F16AB7 /* String.swift */,
			);
			path = Extentions;
			sourceTree = "<group>";
		};
		11048CF42B0C33EB0069A8C6 /* View */ = {
			isa = PBXGroup;
			children = (
				113FA0A42AFDAB1000403AFC /* DashboardView.swift */,
				113FA0B72B041C6B00403AFC /* JobList.swift */,
			);
			path = View;
			sourceTree = "<group>";
		};
		11048CF52B0C33F50069A8C6 /* ViewModel */ = {
			isa = PBXGroup;
			children = (
				113FA0A22AFDA31800403AFC /* DashboardView+ViewModel.swift */,
			);
			path = ViewModel;
			sourceTree = "<group>";
		};
		11048CF82B0C37320069A8C6 /* CustomViews */ = {
			isa = PBXGroup;
			children = (
				113863722B113AFD008FAD77 /* Buttons */,
				113863712B113AF5008FAD77 /* Rows */,
			);
			path = CustomViews;
			sourceTree = "<group>";
		};
		11048CF92B0C3BDE0069A8C6 /* Views */ = {
			isa = PBXGroup;
			children = (
				113FA0B02B0410AC00403AFC /* User Profile */,
				11048CFA2B0C3BE40069A8C6 /* Job */,
				113FA0A62AFDAB2200403AFC /* Dashboard */,
			);
			path = Views;
			sourceTree = "<group>";
		};
		11048CFA2B0C3BE40069A8C6 /* Job */ = {
			isa = PBXGroup;
			children = (
				113863732B12A978008FAD77 /* JobPreview */,
				11048CFD2B0C3C330069A8C6 /* AddJob */,
			);
			path = Job;
			sourceTree = "<group>";
		};
		11048CFD2B0C3C330069A8C6 /* AddJob */ = {
			isa = PBXGroup;
			children = (
				11048CFE2B0C3C3E0069A8C6 /* View */,
				11048CFF2B0C3C420069A8C6 /* ViewModel */,
			);
			path = AddJob;
			sourceTree = "<group>";
		};
		11048CFE2B0C3C3E0069A8C6 /* View */ = {
			isa = PBXGroup;
			children = (
				11048CFB2B0C3C1F0069A8C6 /* AddJobView.swift */,
			);
			path = View;
			sourceTree = "<group>";
		};
		11048CFF2B0C3C420069A8C6 /* ViewModel */ = {
			isa = PBXGroup;
			children = (
				11048D002B0C3C5B0069A8C6 /* AddJobView+ViewModel.swift */,
			);
			path = ViewModel;
			sourceTree = "<group>";
		};
		1138636C2B1139BA008FAD77 /* View */ = {
			isa = PBXGroup;
			children = (
				113FA0B12B0410BD00403AFC /* UserProfileView.swift */,
			);
			path = View;
			sourceTree = "<group>";
		};
		1138636D2B1139BF008FAD77 /* ViewModel */ = {
			isa = PBXGroup;
			children = (
				113FA0B32B0410CD00403AFC /* UserProfileView+ViewModel.swift */,
			);
			path = ViewModel;
			sourceTree = "<group>";
		};
		1138636E2B113A74008FAD77 /* ViewModifiers */ = {
			isa = PBXGroup;
			children = (
				1138636F2B113A95008FAD77 /* NumbersOnlyViewModifier.swift */,
			);
			path = ViewModifiers;
			sourceTree = "<group>";
		};
		113863712B113AF5008FAD77 /* Rows */ = {
			isa = PBXGroup;
			children = (
				113FA0A02AFD9BFD00403AFC /* JobRowView.swift */,
				11048D022B0C41CB0069A8C6 /* NWHTextEntryRowView.swift */,
				113863772B12A9F5008FAD77 /* NWHRow.swift */,
			);
			path = Rows;
			sourceTree = "<group>";
		};
		113863722B113AFD008FAD77 /* Buttons */ = {
			isa = PBXGroup;
			children = (
				113FA0AE2B040EF100403AFC /* PrimaryButton.swift */,
			);
			path = Buttons;
			sourceTree = "<group>";
		};
		113863732B12A978008FAD77 /* JobPreview */ = {
			isa = PBXGroup;
			children = (
				113863742B12A983008FAD77 /* View */,
			);
			path = JobPreview;
			sourceTree = "<group>";
		};
		113863742B12A983008FAD77 /* View */ = {
			isa = PBXGroup;
			children = (
				113863752B12A991008FAD77 /* JobPreviewView.swift */,
			);
			path = View;
			sourceTree = "<group>";
		};
		113FA0842AFD99E700403AFC = {
			isa = PBXGroup;
			children = (
				113FA08F2AFD99E700403AFC /* Net Work Hub */,
				113FA08E2AFD99E700403AFC /* Products */,
			);
			sourceTree = "<group>";
		};
		113FA08E2AFD99E700403AFC /* Products */ = {
			isa = PBXGroup;
			children = (
				113FA08D2AFD99E700403AFC /* Net Work Hub.app */,
			);
			name = Products;
			sourceTree = "<group>";
		};
		113FA08F2AFD99E700403AFC /* Net Work Hub */ = {
			isa = PBXGroup;
			children = (
				11048CF92B0C3BDE0069A8C6 /* Views */,
				113FA0AD2B040EE300403AFC /* Assets */,
				113FA0AC2B040EE000403AFC /* Models */,
				113FA0902AFD99E700403AFC /* Net_Work_HubApp.swift */,
				113FA0922AFD99E700403AFC /* ContentView.swift */,
				113FA0962AFD99E800403AFC /* Assets.xcassets */,
				113FA0982AFD99E800403AFC /* Preview Content */,
			);
			path = "Net Work Hub";
			sourceTree = "<group>";
		};
		113FA0982AFD99E800403AFC /* Preview Content */ = {
			isa = PBXGroup;
			children = (
				113FA0992AFD99E800403AFC /* Preview Assets.xcassets */,
			);
			path = "Preview Content";
			sourceTree = "<group>";
		};
		113FA0A62AFDAB2200403AFC /* Dashboard */ = {
			isa = PBXGroup;
			children = (
				11048CF42B0C33EB0069A8C6 /* View */,
				11048CF52B0C33F50069A8C6 /* ViewModel */,
			);
			path = Dashboard;
			sourceTree = "<group>";
		};
		113FA0AC2B040EE000403AFC /* Models */ = {
			isa = PBXGroup;
			children = (
				113FA0942AFD99E700403AFC /* Job.swift */,
				113FA0B52B04115300403AFC /* User.swift */,
				11D2EDA22B0EC8B400E1F0F5 /* NWHConnector.swift */,
				11D2EDA42B0EE76B00E1F0F5 /* DataController.swift */,
			);
			path = Models;
			sourceTree = "<group>";
		};
		113FA0AD2B040EE300403AFC /* Assets */ = {
			isa = PBXGroup;
			children = (
				1138636E2B113A74008FAD77 /* ViewModifiers */,
				11048CF82B0C37320069A8C6 /* CustomViews */,
				11048CF12B0C339E0069A8C6 /* Extentions */,
			);
			path = Assets;
			sourceTree = "<group>";
		};
		113FA0B02B0410AC00403AFC /* User Profile */ = {
			isa = PBXGroup;
			children = (
				1138636C2B1139BA008FAD77 /* View */,
				1138636D2B1139BF008FAD77 /* ViewModel */,
			);
			path = "User Profile";
			sourceTree = "<group>";
		};
/* End PBXGroup section */

/* Begin PBXNativeTarget section */
		113FA08C2AFD99E700403AFC /* Net Work Hub */ = {
			isa = PBXNativeTarget;
			buildConfigurationList = 113FA09D2AFD99E800403AFC /* Build configuration list for PBXNativeTarget "Net Work Hub" */;
			buildPhases = (
				113FA0892AFD99E700403AFC /* Sources */,
				113FA08A2AFD99E700403AFC /* Frameworks */,
				113FA08B2AFD99E700403AFC /* Resources */,
			);
			buildRules = (
			);
			dependencies = (
			);
			name = "Net Work Hub";
			productName = "Net Work Hub";
			productReference = 113FA08D2AFD99E700403AFC /* Net Work Hub.app */;
			productType = "com.apple.product-type.application";
		};
/* End PBXNativeTarget section */

/* Begin PBXProject section */
		113FA0852AFD99E700403AFC /* Project object */ = {
			isa = PBXProject;
			attributes = {
				BuildIndependentTargetsInParallel = 1;
				LastSwiftUpdateCheck = 1500;
				LastUpgradeCheck = 1500;
				TargetAttributes = {
					113FA08C2AFD99E700403AFC = {
						CreatedOnToolsVersion = 15.0.1;
					};
				};
			};
			buildConfigurationList = 113FA0882AFD99E700403AFC /* Build configuration list for PBXProject "Net Work Hub" */;
			compatibilityVersion = "Xcode 14.0";
			developmentRegion = en;
			hasScannedForEncodings = 0;
			knownRegions = (
				en,
				Base,
			);
			mainGroup = 113FA0842AFD99E700403AFC;
			productRefGroup = 113FA08E2AFD99E700403AFC /* Products */;
			projectDirPath = "";
			projectRoot = "";
			targets = (
				113FA08C2AFD99E700403AFC /* Net Work Hub */,
			);
		};
/* End PBXProject section */

/* Begin PBXResourcesBuildPhase section */
		113FA08B2AFD99E700403AFC /* Resources */ = {
			isa = PBXResourcesBuildPhase;
			buildActionMask = 2147483647;
			files = (
				113FA09A2AFD99E800403AFC /* Preview Assets.xcassets in Resources */,
				113FA0972AFD99E800403AFC /* Assets.xcassets in Resources */,
			);
			runOnlyForDeploymentPostprocessing = 0;
		};
/* End PBXResourcesBuildPhase section */

/* Begin PBXSourcesBuildPhase section */
		113FA0892AFD99E700403AFC /* Sources */ = {
			isa = PBXSourcesBuildPhase;
			buildActionMask = 2147483647;
			files = (
				113FA0B42B0410CD00403AFC /* UserProfileView+ViewModel.swift in Sources */,
				113FA0932AFD99E700403AFC /* ContentView.swift in Sources */,
				11048D032B0C41CB0069A8C6 /* NWHTextEntryRowView.swift in Sources */,
				113FA0A52AFDAB1000403AFC /* DashboardView.swift in Sources */,
				113FA0B82B041C6B00403AFC /* JobList.swift in Sources */,
				11D2EDA32B0EC8B400E1F0F5 /* NWHConnector.swift in Sources */,
				113FA0A12AFD9BFD00403AFC /* JobRowView.swift in Sources */,
				113863762B12A991008FAD77 /* JobPreviewView.swift in Sources */,
				11D2EDA52B0EE76B00E1F0F5 /* DataController.swift in Sources */,
				113FA0B22B0410BD00403AFC /* UserProfileView.swift in Sources */,
				113863782B12A9F5008FAD77 /* NWHRow.swift in Sources */,
				113863702B113A95008FAD77 /* NumbersOnlyViewModifier.swift in Sources */,
				11833F682B130D4000F16AB7 /* String.swift in Sources */,
				11048CFC2B0C3C1F0069A8C6 /* AddJobView.swift in Sources */,
				11048D012B0C3C5B0069A8C6 /* AddJobView+ViewModel.swift in Sources */,
				113FA0A32AFDA31800403AFC /* DashboardView+ViewModel.swift in Sources */,
				113FA0AF2B040EF100403AFC /* PrimaryButton.swift in Sources */,
				113FA0952AFD99E700403AFC /* Job.swift in Sources */,
				11D2EDA72B0EEB9500E1F0F5 /* View.swift in Sources */,
				113FA0B62B04115300403AFC /* User.swift in Sources */,
				11048CF32B0C33B10069A8C6 /* Binding.swift in Sources */,
				113FA0912AFD99E700403AFC /* Net_Work_HubApp.swift in Sources */,
			);
			runOnlyForDeploymentPostprocessing = 0;
		};
/* End PBXSourcesBuildPhase section */

/* Begin XCBuildConfiguration section */
		113FA09B2AFD99E800403AFC /* Debug */ = {
			isa = XCBuildConfiguration;
			buildSettings = {
				ALWAYS_SEARCH_USER_PATHS = NO;
				ASSETCATALOG_COMPILER_GENERATE_SWIFT_ASSET_SYMBOL_EXTENSIONS = YES;
				CLANG_ANALYZER_NONNULL = YES;
				CLANG_ANALYZER_NUMBER_OBJECT_CONVERSION = YES_AGGRESSIVE;
				CLANG_CXX_LANGUAGE_STANDARD = "gnu++20";
				CLANG_ENABLE_MODULES = YES;
				CLANG_ENABLE_OBJC_ARC = YES;
				CLANG_ENABLE_OBJC_WEAK = YES;
				CLANG_WARN_BLOCK_CAPTURE_AUTORELEASING = YES;
				CLANG_WARN_BOOL_CONVERSION = YES;
				CLANG_WARN_COMMA = YES;
				CLANG_WARN_CONSTANT_CONVERSION = YES;
				CLANG_WARN_DEPRECATED_OBJC_IMPLEMENTATIONS = YES;
				CLANG_WARN_DIRECT_OBJC_ISA_USAGE = YES_ERROR;
				CLANG_WARN_DOCUMENTATION_COMMENTS = YES;
				CLANG_WARN_EMPTY_BODY = YES;
				CLANG_WARN_ENUM_CONVERSION = YES;
				CLANG_WARN_INFINITE_RECURSION = YES;
				CLANG_WARN_INT_CONVERSION = YES;
				CLANG_WARN_NON_LITERAL_NULL_CONVERSION = YES;
				CLANG_WARN_OBJC_IMPLICIT_RETAIN_SELF = YES;
				CLANG_WARN_OBJC_LITERAL_CONVERSION = YES;
				CLANG_WARN_OBJC_ROOT_CLASS = YES_ERROR;
				CLANG_WARN_QUOTED_INCLUDE_IN_FRAMEWORK_HEADER = YES;
				CLANG_WARN_RANGE_LOOP_ANALYSIS = YES;
				CLANG_WARN_STRICT_PROTOTYPES = YES;
				CLANG_WARN_SUSPICIOUS_MOVE = YES;
				CLANG_WARN_UNGUARDED_AVAILABILITY = YES_AGGRESSIVE;
				CLANG_WARN_UNREACHABLE_CODE = YES;
				CLANG_WARN__DUPLICATE_METHOD_MATCH = YES;
				COPY_PHASE_STRIP = NO;
				DEBUG_INFORMATION_FORMAT = dwarf;
				ENABLE_STRICT_OBJC_MSGSEND = YES;
				ENABLE_TESTABILITY = YES;
				ENABLE_USER_SCRIPT_SANDBOXING = YES;
				GCC_C_LANGUAGE_STANDARD = gnu17;
				GCC_DYNAMIC_NO_PIC = NO;
				GCC_NO_COMMON_BLOCKS = YES;
				GCC_OPTIMIZATION_LEVEL = 0;
				GCC_PREPROCESSOR_DEFINITIONS = (
					"DEBUG=1",
					"$(inherited)",
				);
				GCC_WARN_64_TO_32_BIT_CONVERSION = YES;
				GCC_WARN_ABOUT_RETURN_TYPE = YES_ERROR;
				GCC_WARN_UNDECLARED_SELECTOR = YES;
				GCC_WARN_UNINITIALIZED_AUTOS = YES_AGGRESSIVE;
				GCC_WARN_UNUSED_FUNCTION = YES;
				GCC_WARN_UNUSED_VARIABLE = YES;
				IPHONEOS_DEPLOYMENT_TARGET = 17.0;
				LOCALIZATION_PREFERS_STRING_CATALOGS = YES;
				MTL_ENABLE_DEBUG_INFO = INCLUDE_SOURCE;
				MTL_FAST_MATH = YES;
				ONLY_ACTIVE_ARCH = YES;
				SDKROOT = iphoneos;
				SWIFT_ACTIVE_COMPILATION_CONDITIONS = "DEBUG $(inherited)";
				SWIFT_OPTIMIZATION_LEVEL = "-Onone";
			};
			name = Debug;
		};
		113FA09C2AFD99E800403AFC /* Release */ = {
			isa = XCBuildConfiguration;
			buildSettings = {
				ALWAYS_SEARCH_USER_PATHS = NO;
				ASSETCATALOG_COMPILER_GENERATE_SWIFT_ASSET_SYMBOL_EXTENSIONS = YES;
				CLANG_ANALYZER_NONNULL = YES;
				CLANG_ANALYZER_NUMBER_OBJECT_CONVERSION = YES_AGGRESSIVE;
				CLANG_CXX_LANGUAGE_STANDARD = "gnu++20";
				CLANG_ENABLE_MODULES = YES;
				CLANG_ENABLE_OBJC_ARC = YES;
				CLANG_ENABLE_OBJC_WEAK = YES;
				CLANG_WARN_BLOCK_CAPTURE_AUTORELEASING = YES;
				CLANG_WARN_BOOL_CONVERSION = YES;
				CLANG_WARN_COMMA = YES;
				CLANG_WARN_CONSTANT_CONVERSION = YES;
				CLANG_WARN_DEPRECATED_OBJC_IMPLEMENTATIONS = YES;
				CLANG_WARN_DIRECT_OBJC_ISA_USAGE = YES_ERROR;
				CLANG_WARN_DOCUMENTATION_COMMENTS = YES;
				CLANG_WARN_EMPTY_BODY = YES;
				CLANG_WARN_ENUM_CONVERSION = YES;
				CLANG_WARN_INFINITE_RECURSION = YES;
				CLANG_WARN_INT_CONVERSION = YES;
				CLANG_WARN_NON_LITERAL_NULL_CONVERSION = YES;
				CLANG_WARN_OBJC_IMPLICIT_RETAIN_SELF = YES;
				CLANG_WARN_OBJC_LITERAL_CONVERSION = YES;
				CLANG_WARN_OBJC_ROOT_CLASS = YES_ERROR;
				CLANG_WARN_QUOTED_INCLUDE_IN_FRAMEWORK_HEADER = YES;
				CLANG_WARN_RANGE_LOOP_ANALYSIS = YES;
				CLANG_WARN_STRICT_PROTOTYPES = YES;
				CLANG_WARN_SUSPICIOUS_MOVE = YES;
				CLANG_WARN_UNGUARDED_AVAILABILITY = YES_AGGRESSIVE;
				CLANG_WARN_UNREACHABLE_CODE = YES;
				CLANG_WARN__DUPLICATE_METHOD_MATCH = YES;
				COPY_PHASE_STRIP = NO;
				DEBUG_INFORMATION_FORMAT = "dwarf-with-dsym";
				ENABLE_NS_ASSERTIONS = NO;
				ENABLE_STRICT_OBJC_MSGSEND = YES;
				ENABLE_USER_SCRIPT_SANDBOXING = YES;
				GCC_C_LANGUAGE_STANDARD = gnu17;
				GCC_NO_COMMON_BLOCKS = YES;
				GCC_WARN_64_TO_32_BIT_CONVERSION = YES;
				GCC_WARN_ABOUT_RETURN_TYPE = YES_ERROR;
				GCC_WARN_UNDECLARED_SELECTOR = YES;
				GCC_WARN_UNINITIALIZED_AUTOS = YES_AGGRESSIVE;
				GCC_WARN_UNUSED_FUNCTION = YES;
				GCC_WARN_UNUSED_VARIABLE = YES;
				IPHONEOS_DEPLOYMENT_TARGET = 17.0;
				LOCALIZATION_PREFERS_STRING_CATALOGS = YES;
				MTL_ENABLE_DEBUG_INFO = NO;
				MTL_FAST_MATH = YES;
				SDKROOT = iphoneos;
				SWIFT_COMPILATION_MODE = wholemodule;
				VALIDATE_PRODUCT = YES;
			};
			name = Release;
		};
		113FA09E2AFD99E800403AFC /* Debug */ = {
			isa = XCBuildConfiguration;
			buildSettings = {
				ASSETCATALOG_COMPILER_APPICON_NAME = AppIcon;
				ASSETCATALOG_COMPILER_GLOBAL_ACCENT_COLOR_NAME = AccentColor;
				CODE_SIGN_STYLE = Automatic;
				CURRENT_PROJECT_VERSION = 1;
				DEVELOPMENT_ASSET_PATHS = "\"Net Work Hub/Preview Content\"";
				DEVELOPMENT_TEAM = SR43B28UH6;
				ENABLE_PREVIEWS = YES;
				GENERATE_INFOPLIST_FILE = YES;
				INFOPLIST_KEY_UIApplicationSceneManifest_Generation = YES;
				INFOPLIST_KEY_UIApplicationSupportsIndirectInputEvents = YES;
				INFOPLIST_KEY_UILaunchScreen_Generation = YES;
				INFOPLIST_KEY_UISupportedInterfaceOrientations_iPad = "UIInterfaceOrientationPortrait UIInterfaceOrientationPortraitUpsideDown UIInterfaceOrientationLandscapeLeft UIInterfaceOrientationLandscapeRight";
				INFOPLIST_KEY_UISupportedInterfaceOrientations_iPhone = "UIInterfaceOrientationPortrait UIInterfaceOrientationLandscapeLeft UIInterfaceOrientationLandscapeRight";
				LD_RUNPATH_SEARCH_PATHS = (
					"$(inherited)",
					"@executable_path/Frameworks",
				);
				MARKETING_VERSION = 1.0;
				PRODUCT_BUNDLE_IDENTIFIER = "ivm.Net-Work-Hub";
				PRODUCT_NAME = "$(TARGET_NAME)";
				SWIFT_EMIT_LOC_STRINGS = YES;
				SWIFT_VERSION = 5.0;
				TARGETED_DEVICE_FAMILY = "1,2";
			};
			name = Debug;
		};
		113FA09F2AFD99E800403AFC /* Release */ = {
			isa = XCBuildConfiguration;
			buildSettings = {
				ASSETCATALOG_COMPILER_APPICON_NAME = AppIcon;
				ASSETCATALOG_COMPILER_GLOBAL_ACCENT_COLOR_NAME = AccentColor;
				CODE_SIGN_STYLE = Automatic;
				CURRENT_PROJECT_VERSION = 1;
				DEVELOPMENT_ASSET_PATHS = "\"Net Work Hub/Preview Content\"";
				DEVELOPMENT_TEAM = SR43B28UH6;
				ENABLE_PREVIEWS = YES;
				GENERATE_INFOPLIST_FILE = YES;
				INFOPLIST_KEY_UIApplicationSceneManifest_Generation = YES;
				INFOPLIST_KEY_UIApplicationSupportsIndirectInputEvents = YES;
				INFOPLIST_KEY_UILaunchScreen_Generation = YES;
				INFOPLIST_KEY_UISupportedInterfaceOrientations_iPad = "UIInterfaceOrientationPortrait UIInterfaceOrientationPortraitUpsideDown UIInterfaceOrientationLandscapeLeft UIInterfaceOrientationLandscapeRight";
				INFOPLIST_KEY_UISupportedInterfaceOrientations_iPhone = "UIInterfaceOrientationPortrait UIInterfaceOrientationLandscapeLeft UIInterfaceOrientationLandscapeRight";
				LD_RUNPATH_SEARCH_PATHS = (
					"$(inherited)",
					"@executable_path/Frameworks",
				);
				MARKETING_VERSION = 1.0;
				PRODUCT_BUNDLE_IDENTIFIER = "ivm.Net-Work-Hub";
				PRODUCT_NAME = "$(TARGET_NAME)";
				SWIFT_EMIT_LOC_STRINGS = YES;
				SWIFT_VERSION = 5.0;
				TARGETED_DEVICE_FAMILY = "1,2";
			};
			name = Release;
		};
/* End XCBuildConfiguration section */

/* Begin XCConfigurationList section */
		113FA0882AFD99E700403AFC /* Build configuration list for PBXProject "Net Work Hub" */ = {
			isa = XCConfigurationList;
			buildConfigurations = (
				113FA09B2AFD99E800403AFC /* Debug */,
				113FA09C2AFD99E800403AFC /* Release */,
			);
			defaultConfigurationIsVisible = 0;
			defaultConfigurationName = Release;
		};
		113FA09D2AFD99E800403AFC /* Build configuration list for PBXNativeTarget "Net Work Hub" */ = {
			isa = XCConfigurationList;
			buildConfigurations = (
				113FA09E2AFD99E800403AFC /* Debug */,
				113FA09F2AFD99E800403AFC /* Release */,
			);
			defaultConfigurationIsVisible = 0;
			defaultConfigurationName = Release;
		};
/* End XCConfigurationList section */
	};
	rootObject = 113FA0852AFD99E700403AFC /* Project object */;
}
